
Microsoft Visual Studio Solution File, Format Version 11.00
# Visual Studio 2010
Project("{FAE04EC0-301F-11D3-BF4B-00C04F79EFBC}") = "WorkoutAnywhere", "WorkoutAnywhere.csproj", "{640BAC3C-DCD1-4077-A606-E66B69703939}"
EndProject
Global
	GlobalSection(SolutionConfigurationPlatforms) = preSolution
		Debug|iPhoneSimulator = Debug|iPhoneSimulator
		Release|iPhone = Release|iPhone
		Release|iPhoneSimulator = Release|iPhoneSimulator
		Debug|iPhone = Debug|iPhone
	EndGlobalSection
	GlobalSection(ProjectConfigurationPlatforms) = postSolution
		{640BAC3C-DCD1-4077-A606-E66B69703939}.Debug|iPhone.ActiveCfg = Debug|iPhone
		{640BAC3C-DCD1-4077-A606-E66B69703939}.Debug|iPhone.Build.0 = Debug|iPhone
		{640BAC3C-DCD1-4077-A606-E66B69703939}.Debug|iPhoneSimulator.ActiveCfg = Debug|iPhoneSimulator
		{640BAC3C-DCD1-4077-A606-E66B69703939}.Debug|iPhoneSimulator.Build.0 = Debug|iPhoneSimulator
		{640BAC3C-DCD1-4077-A606-E66B69703939}.Release|iPhone.ActiveCfg = Release|iPhone
		{640BAC3C-DCD1-4077-A606-E66B69703939}.Release|iPhone.Build.0 = Release|iPhone
		{640BAC3C-DCD1-4077-A606-E66B69703939}.Release|iPhoneSimulator.ActiveCfg = Release|iPhoneSimulator
		{640BAC3C-DCD1-4077-A606-E66B69703939}.Release|iPhoneSimulator.Build.0 = Release|iPhoneSimulator
	EndGlobalSection
EndGlobal
